
Microsoft Visual Studio Solution File, Format Version 12.00
# Visual Studio Version 16
VisualStudioVersion = 16.0.31515.178
MinimumVisualStudioVersion = 10.0.40219.1
Project("{FAE04EC0-301F-11D3-BF4B-00C04F79EFBC}") = "1", "1\1.csproj", "{5AAFC84D-08A6-4885-A882-23C0D2ED42DB}"
EndProject
Global
	GlobalSection(SolutionConfigurationPlatforms) = preSolution
		Debug|Any CPU = Debug|Any CPU
		Release|Any CPU = Release|Any CPU
	EndGlobalSection
	GlobalSection(ProjectConfigurationPlatforms) = postSolution
		{5AAFC84D-08A6-4885-A882-23C0D2ED42DB}.Debug|Any CPU.ActiveCfg = Debug|Any CPU
		{5AAFC84D-08A6-4885-A882-23C0D2ED42DB}.Debug|Any CPU.Build.0 = Debug|Any CPU
		{5AAFC84D-08A6-4885-A882-23C0D2ED42DB}.Release|Any CPU.ActiveCfg = Release|Any CPU
		{5AAFC84D-08A6-4885-A882-23C0D2ED42DB}.Release|Any CPU.Build.0 = Release|Any CPU
	EndGlobalSection
	GlobalSection(SolutionProperties) = preSolution
		HideSolutionNode = FALSE
	EndGlobalSection
	GlobalSection(ExtensibilityGlobals) = postSolution
		SolutionGuid = {75D156D3-6D8A-4C31-8DB9-B1094161821F}
	EndGlobalSection
EndGlobal
