
Microsoft Visual Studio Solution File, Format Version 12.00
# Visual Studio 2013
VisualStudioVersion = 12.0.31101.0
MinimumVisualStudioVersion = 10.0.40219.1
Project("{FAE04EC0-301F-11D3-BF4B-00C04F79EFBC}") = "2021 계절학기 닷넷 중간고사", "2021 계절학기 닷넷 중간고사.csproj", "{E1E7CD2E-F70E-4014-BF56-22E47F457526}"
EndProject
Global
	GlobalSection(SolutionConfigurationPlatforms) = preSolution
		Debug|Any CPU = Debug|Any CPU
		Release|Any CPU = Release|Any CPU
	EndGlobalSection
	GlobalSection(ProjectConfigurationPlatforms) = postSolution
		{E1E7CD2E-F70E-4014-BF56-22E47F457526}.Debug|Any CPU.ActiveCfg = Debug|Any CPU
		{E1E7CD2E-F70E-4014-BF56-22E47F457526}.Debug|Any CPU.Build.0 = Debug|Any CPU
		{E1E7CD2E-F70E-4014-BF56-22E47F457526}.Release|Any CPU.ActiveCfg = Release|Any CPU
		{E1E7CD2E-F70E-4014-BF56-22E47F457526}.Release|Any CPU.Build.0 = Release|Any CPU
	EndGlobalSection
	GlobalSection(SolutionProperties) = preSolution
		HideSolutionNode = FALSE
	EndGlobalSection
EndGlobal
